
Microsoft Visual Studio Solution File, Format Version 12.00
# Visual Studio Version 16
VisualStudioVersion = 16.0.29709.97
MinimumVisualStudioVersion = 10.0.40219.1
Project("{FAE04EC0-301F-11D3-BF4B-00C04F79EFBC}") = "MockUsersSampleApp", "MockUsersSampleApp\MockUsersSampleApp.csproj", "{8AE4D6EF-521F-4870-BAAD-39436FB6B726}"
EndProject
Project("{FAE04EC0-301F-11D3-BF4B-00C04F79EFBC}") = "MockUsersSampleAppTests", "MockUsersSampleAppTests\MockUsersSampleAppTests.csproj", "{58C4E3A9-2932-4905-BF6E-FFA911C1FFC7}"
EndProject
Global
	GlobalSection(SolutionConfigurationPlatforms) = preSolution
		Debug|Any CPU = Debug|Any CPU
		Release|Any CPU = Release|Any CPU
	EndGlobalSection
	GlobalSection(ProjectConfigurationPlatforms) = postSolution
		{8AE4D6EF-521F-4870-BAAD-39436FB6B726}.Debug|Any CPU.ActiveCfg = Debug|Any CPU
		{8AE4D6EF-521F-4870-BAAD-39436FB6B726}.Debug|Any CPU.Build.0 = Debug|Any CPU
		{8AE4D6EF-521F-4870-BAAD-39436FB6B726}.Release|Any CPU.ActiveCfg = Release|Any CPU
		{8AE4D6EF-521F-4870-BAAD-39436FB6B726}.Release|Any CPU.Build.0 = Release|Any CPU
		{58C4E3A9-2932-4905-BF6E-FFA911C1FFC7}.Debug|Any CPU.ActiveCfg = Debug|Any CPU
		{58C4E3A9-2932-4905-BF6E-FFA911C1FFC7}.Debug|Any CPU.Build.0 = Debug|Any CPU
		{58C4E3A9-2932-4905-BF6E-FFA911C1FFC7}.Release|Any CPU.ActiveCfg = Release|Any CPU
		{58C4E3A9-2932-4905-BF6E-FFA911C1FFC7}.Release|Any CPU.Build.0 = Release|Any CPU
	EndGlobalSection
	GlobalSection(SolutionProperties) = preSolution
		HideSolutionNode = FALSE
	EndGlobalSection
	GlobalSection(ExtensibilityGlobals) = postSolution
		SolutionGuid = {8F9F4A17-DADA-4262-9F74-1D37CA0B8EAB}
	EndGlobalSection
EndGlobal
